
Microsoft Visual Studio Solution File, Format Version 12.00
# Visual Studio Version 17
VisualStudioVersion = 17.14.37111.16 d17.14
MinimumVisualStudioVersion = 10.0.40219.1
Project("{FAE04EC0-301F-11D3-BF4B-00C04F79EFBC}") = "ChessLogic", "ChessLogic\ChessLogic.csproj", "{3037C01E-9009-4FB9-9552-59C2A5CE874D}"
EndProject
Project("{FAE04EC0-301F-11D3-BF4B-00C04F79EFBC}") = "ChessUI", "ChessUI\ChessUI.csproj", "{B13420EE-2017-4C60-B2AA-BD20E5EAFB72}"
EndProject
Global
	GlobalSection(SolutionConfigurationPlatforms) = preSolution
		Debug|Any CPU = Debug|Any CPU
		Release|Any CPU = Release|Any CPU
	EndGlobalSection
	GlobalSection(ProjectConfigurationPlatforms) = postSolution
		{3037C01E-9009-4FB9-9552-59C2A5CE874D}.Debug|Any CPU.ActiveCfg = Debug|Any CPU
		{3037C01E-9009-4FB9-9552-59C2A5CE874D}.Debug|Any CPU.Build.0 = Debug|Any CPU
		{3037C01E-9009-4FB9-9552-59C2A5CE874D}.Release|Any CPU.ActiveCfg = Release|Any CPU
		{3037C01E-9009-4FB9-9552-59C2A5CE874D}.Release|Any CPU.Build.0 = Release|Any CPU
		{B13420EE-2017-4C60-B2AA-BD20E5EAFB72}.Debug|Any CPU.ActiveCfg = Debug|Any CPU
		{B13420EE-2017-4C60-B2AA-BD20E5EAFB72}.Debug|Any CPU.Build.0 = Debug|Any CPU
		{B13420EE-2017-4C60-B2AA-BD20E5EAFB72}.Release|Any CPU.ActiveCfg = Release|Any CPU
		{B13420EE-2017-4C60-B2AA-BD20E5EAFB72}.Release|Any CPU.Build.0 = Release|Any CPU
	EndGlobalSection
	GlobalSection(SolutionProperties) = preSolution
		HideSolutionNode = FALSE
	EndGlobalSection
	GlobalSection(ExtensibilityGlobals) = postSolution
		SolutionGuid = {C4AF093F-D8E9-489F-B0A9-A6C42CA07193}
	EndGlobalSection
EndGlobal
